// !$*UTF8*$!
{
	archiveVersion = 1;
	classes = {
	};
	objectVersion = 56;
	objects = {

/* Begin PBXBuildFile section */
		0C19BCF32901394400300253 /* FirebaseManger.swift in Sources */ = {isa = PBXBuildFile; fileRef = 0C19BCF22901394400300253 /* FirebaseManger.swift */; };
		0C19BCF6290167D300300253 /* SDWebImage in Frameworks */ = {isa = PBXBuildFile; productRef = 0C19BCF5290167D300300253 /* SDWebImage */; };
		0C19BCF92901691E00300253 /* SDWebImageSwiftUI in Frameworks */ = {isa = PBXBuildFile; productRef = 0C19BCF82901691E00300253 /* SDWebImageSwiftUI */; };
		0C19BCFC2901836F00300253 /* ChatUser.swift in Sources */ = {isa = PBXBuildFile; fileRef = 0C19BCFB2901836F00300253 /* ChatUser.swift */; };
		0C19BCFF2901838A00300253 /* MainMessagesViewModel.swift in Sources */ = {isa = PBXBuildFile; fileRef = 0C19BCFE2901838A00300253 /* MainMessagesViewModel.swift */; };
		0C1A9F7429019A100018296B /* NewMessageView.swift in Sources */ = {isa = PBXBuildFile; fileRef = 0C1A9F7329019A100018296B /* NewMessageView.swift */; };
		0C4794C42907E4C2000E5002 /* ChatLogView.swift in Sources */ = {isa = PBXBuildFile; fileRef = 0C4794C32907E4C2000E5002 /* ChatLogView.swift */; };
		0CC04D7E28FD5DF400D8EBCF /* ImagePicker.swift in Sources */ = {isa = PBXBuildFile; fileRef = 0CC04D7D28FD5DF400D8EBCF /* ImagePicker.swift */; };
		0CCA10BA290016850063D0F8 /* FirebaseAuth in Frameworks */ = {isa = PBXBuildFile; productRef = 0CCA10B9290016850063D0F8 /* FirebaseAuth */; };
		0CCA10BC290016850063D0F8 /* FirebaseFirestore in Frameworks */ = {isa = PBXBuildFile; productRef = 0CCA10BB290016850063D0F8 /* FirebaseFirestore */; };
		0CCA10BE290016850063D0F8 /* FirebaseStorage in Frameworks */ = {isa = PBXBuildFile; productRef = 0CCA10BD290016850063D0F8 /* FirebaseStorage */; };
		0CCA10C3290026F00063D0F8 /* MainMessagesView.swift in Sources */ = {isa = PBXBuildFile; fileRef = 0CCA10C2290026F00063D0F8 /* MainMessagesView.swift */; };
		FA78713A28F6D9FB008714B6 /* GoogleService-Info.plist in Resources */ = {isa = PBXBuildFile; fileRef = FA78713928F6D9FB008714B6 /* GoogleService-Info.plist */; };
		FA81F22728F5A61300B763E7 /* SwiftUiFirebaseChatApp.swift in Sources */ = {isa = PBXBuildFile; fileRef = FA81F22628F5A61300B763E7 /* SwiftUiFirebaseChatApp.swift */; };
		FA81F22928F5A61300B763E7 /* AuthView.swift in Sources */ = {isa = PBXBuildFile; fileRef = FA81F22828F5A61300B763E7 /* AuthView.swift */; };
		FA81F22B28F5A61500B763E7 /* Assets.xcassets in Resources */ = {isa = PBXBuildFile; fileRef = FA81F22A28F5A61500B763E7 /* Assets.xcassets */; };
		FA81F22E28F5A61500B763E7 /* Preview Assets.xcassets in Resources */ = {isa = PBXBuildFile; fileRef = FA81F22D28F5A61500B763E7 /* Preview Assets.xcassets */; };
/* End PBXBuildFile section */

/* Begin PBXFileReference section */
		0C19BCF22901394400300253 /* FirebaseManger.swift */ = {isa = PBXFileReference; lastKnownFileType = sourcecode.swift; path = FirebaseManger.swift; sourceTree = "<group>"; };
		0C19BCFB2901836F00300253 /* ChatUser.swift */ = {isa = PBXFileReference; lastKnownFileType = sourcecode.swift; path = ChatUser.swift; sourceTree = "<group>"; };
		0C19BCFE2901838A00300253 /* MainMessagesViewModel.swift */ = {isa = PBXFileReference; lastKnownFileType = sourcecode.swift; path = MainMessagesViewModel.swift; sourceTree = "<group>"; };
		0C1A9F7329019A100018296B /* NewMessageView.swift */ = {isa = PBXFileReference; lastKnownFileType = sourcecode.swift; path = NewMessageView.swift; sourceTree = "<group>"; };
		0C4794C32907E4C2000E5002 /* ChatLogView.swift */ = {isa = PBXFileReference; lastKnownFileType = sourcecode.swift; path = ChatLogView.swift; sourceTree = "<group>"; };
		0CC04D7D28FD5DF400D8EBCF /* ImagePicker.swift */ = {isa = PBXFileReference; lastKnownFileType = sourcecode.swift; path = ImagePicker.swift; sourceTree = "<group>"; };
		0CCA10C2290026F00063D0F8 /* MainMessagesView.swift */ = {isa = PBXFileReference; lastKnownFileType = sourcecode.swift; path = MainMessagesView.swift; sourceTree = "<group>"; };
		FA78713928F6D9FB008714B6 /* GoogleService-Info.plist */ = {isa = PBXFileReference; lastKnownFileType = text.plist; path = "GoogleService-Info.plist"; sourceTree = SOURCE_ROOT; };
		FA81F22328F5A61300B763E7 /* SwiftUiFirebaseChat.app */ = {isa = PBXFileReference; explicitFileType = wrapper.application; includeInIndex = 0; path = SwiftUiFirebaseChat.app; sourceTree = BUILT_PRODUCTS_DIR; };
		FA81F22628F5A61300B763E7 /* SwiftUiFirebaseChatApp.swift */ = {isa = PBXFileReference; lastKnownFileType = sourcecode.swift; path = SwiftUiFirebaseChatApp.swift; sourceTree = "<group>"; };
		FA81F22828F5A61300B763E7 /* AuthView.swift */ = {isa = PBXFileReference; lastKnownFileType = sourcecode.swift; path = AuthView.swift; sourceTree = "<group>"; };
		FA81F22A28F5A61500B763E7 /* Assets.xcassets */ = {isa = PBXFileReference; lastKnownFileType = folder.assetcatalog; path = Assets.xcassets; sourceTree = "<group>"; };
		FA81F22D28F5A61500B763E7 /* Preview Assets.xcassets */ = {isa = PBXFileReference; lastKnownFileType = folder.assetcatalog; path = "Preview Assets.xcassets"; sourceTree = "<group>"; };
/* End PBXFileReference section */

/* Begin PBXFrameworksBuildPhase section */
		FA81F22028F5A61300B763E7 /* Frameworks */ = {
			isa = PBXFrameworksBuildPhase;
			buildActionMask = 2147483647;
			files = (
				0C19BCF92901691E00300253 /* SDWebImageSwiftUI in Frameworks */,
				0CCA10BA290016850063D0F8 /* FirebaseAuth in Frameworks */,
				0CCA10BC290016850063D0F8 /* FirebaseFirestore in Frameworks */,
				0C19BCF6290167D300300253 /* SDWebImage in Frameworks */,
				0CCA10BE290016850063D0F8 /* FirebaseStorage in Frameworks */,
			);
			runOnlyForDeploymentPostprocessing = 0;
		};
/* End PBXFrameworksBuildPhase section */

/* Begin PBXGroup section */
		0C19BCF12901392200300253 /* Utils */ = {
			isa = PBXGroup;
			children = (
				0CC04D7D28FD5DF400D8EBCF /* ImagePicker.swift */,
				0C19BCF22901394400300253 /* FirebaseManger.swift */,
			);
			path = Utils;
			sourceTree = "<group>";
		};
		0C19BCFA2901836100300253 /* Model */ = {
			isa = PBXGroup;
			children = (
				0C19BCFB2901836F00300253 /* ChatUser.swift */,
			);
			path = Model;
			sourceTree = "<group>";
		};
		0C19BCFD2901837900300253 /* ViewModel */ = {
			isa = PBXGroup;
			children = (
				0C19BCFE2901838A00300253 /* MainMessagesViewModel.swift */,
			);
			path = ViewModel;
			sourceTree = "<group>";
		};
		0C19BD00290183E900300253 /* Auth */ = {
			isa = PBXGroup;
			children = (
				FA81F22828F5A61300B763E7 /* AuthView.swift */,
			);
			path = Auth;
			sourceTree = "<group>";
		};
		0C19BD01290183F900300253 /* Scences */ = {
			isa = PBXGroup;
			children = (
				0CCA10BF290026BC0063D0F8 /* MainMessages */,
				0C19BD00290183E900300253 /* Auth */,
			);
			path = Scences;
			sourceTree = "<group>";
		};
		0C19BD022901840C00300253 /* Core */ = {
			isa = PBXGroup;
			children = (
				FA81F22628F5A61300B763E7 /* SwiftUiFirebaseChatApp.swift */,
			);
			path = Core;
			sourceTree = "<group>";
		};
		0C19BD032901981300300253 /* NewMessage */ = {
			isa = PBXGroup;
			children = (
				0C1A9F7329019A100018296B /* NewMessageView.swift */,
			);
			path = NewMessage;
			sourceTree = "<group>";
		};
		0C4794C22907E4B7000E5002 /* ChatLogView */ = {
			isa = PBXGroup;
			children = (
				0C4794C32907E4C2000E5002 /* ChatLogView.swift */,
			);
			path = ChatLogView;
			sourceTree = "<group>";
		};
		0CCA10BF290026BC0063D0F8 /* MainMessages */ = {
			isa = PBXGroup;
			children = (
				0C4794C22907E4B7000E5002 /* ChatLogView */,
				0C19BD032901981300300253 /* NewMessage */,
				0CCA10C2290026F00063D0F8 /* MainMessagesView.swift */,
			);
			path = MainMessages;
			sourceTree = "<group>";
		};
		FA81F21A28F5A61300B763E7 = {
			isa = PBXGroup;
			children = (
				FA81F22528F5A61300B763E7 /* SwiftUiFirebaseChat */,
				FA81F22428F5A61300B763E7 /* Products */,
			);
			sourceTree = "<group>";
		};
		FA81F22428F5A61300B763E7 /* Products */ = {
			isa = PBXGroup;
			children = (
				FA81F22328F5A61300B763E7 /* SwiftUiFirebaseChat.app */,
			);
			name = Products;
			sourceTree = "<group>";
		};
		FA81F22528F5A61300B763E7 /* SwiftUiFirebaseChat */ = {
			isa = PBXGroup;
			children = (
				0C19BCFD2901837900300253 /* ViewModel */,
				0C19BCFA2901836100300253 /* Model */,
				0C19BCF12901392200300253 /* Utils */,
				0C19BD01290183F900300253 /* Scences */,
				0C19BD022901840C00300253 /* Core */,
				FA81F22A28F5A61500B763E7 /* Assets.xcassets */,
				FA78713928F6D9FB008714B6 /* GoogleService-Info.plist */,
				FA81F22C28F5A61500B763E7 /* Preview Content */,
			);
			path = SwiftUiFirebaseChat;
			sourceTree = "<group>";
		};
		FA81F22C28F5A61500B763E7 /* Preview Content */ = {
			isa = PBXGroup;
			children = (
				FA81F22D28F5A61500B763E7 /* Preview Assets.xcassets */,
			);
			path = "Preview Content";
			sourceTree = "<group>";
		};
/* End PBXGroup section */

/* Begin PBXNativeTarget section */
		FA81F22228F5A61300B763E7 /* SwiftUiFirebaseChat */ = {
			isa = PBXNativeTarget;
			buildConfigurationList = FA81F23128F5A61500B763E7 /* Build configuration list for PBXNativeTarget "SwiftUiFirebaseChat" */;
			buildPhases = (
				FA81F21F28F5A61300B763E7 /* Sources */,
				FA81F22028F5A61300B763E7 /* Frameworks */,
				FA81F22128F5A61300B763E7 /* Resources */,
			);
			buildRules = (
			);
			dependencies = (
			);
			name = SwiftUiFirebaseChat;
			packageProductDependencies = (
				0CCA10B9290016850063D0F8 /* FirebaseAuth */,
				0CCA10BB290016850063D0F8 /* FirebaseFirestore */,
				0CCA10BD290016850063D0F8 /* FirebaseStorage */,
				0C19BCF5290167D300300253 /* SDWebImage */,
				0C19BCF82901691E00300253 /* SDWebImageSwiftUI */,
			);
			productName = SwiftUiFirebaseChat;
			productReference = FA81F22328F5A61300B763E7 /* SwiftUiFirebaseChat.app */;
			productType = "com.apple.product-type.application";
		};
/* End PBXNativeTarget section */

/* Begin PBXProject section */
		FA81F21B28F5A61300B763E7 /* Project object */ = {
			isa = PBXProject;
			attributes = {
				BuildIndependentTargetsInParallel = 1;
				LastSwiftUpdateCheck = 1400;
				LastUpgradeCheck = 1400;
				TargetAttributes = {
					FA81F22228F5A61300B763E7 = {
						CreatedOnToolsVersion = 14.0.1;
					};
				};
			};
			buildConfigurationList = FA81F21E28F5A61300B763E7 /* Build configuration list for PBXProject "SwiftUiFirebaseChat" */;
			compatibilityVersion = "Xcode 14.0";
			developmentRegion = en;
			hasScannedForEncodings = 0;
			knownRegions = (
				en,
				Base,
			);
			mainGroup = FA81F21A28F5A61300B763E7;
			packageReferences = (
				0CCA10B8290016850063D0F8 /* XCRemoteSwiftPackageReference "firebase-ios-sdk" */,
				0C19BCF4290167D300300253 /* XCRemoteSwiftPackageReference "SDWebImage" */,
				0C19BCF72901691E00300253 /* XCRemoteSwiftPackageReference "SDWebImageSwiftUI" */,
			);
			productRefGroup = FA81F22428F5A61300B763E7 /* Products */;
			projectDirPath = "";
			projectRoot = "";
			targets = (
				FA81F22228F5A61300B763E7 /* SwiftUiFirebaseChat */,
			);
		};
/* End PBXProject section */

/* Begin PBXResourcesBuildPhase section */
		FA81F22128F5A61300B763E7 /* Resources */ = {
			isa = PBXResourcesBuildPhase;
			buildActionMask = 2147483647;
			files = (
				FA81F22E28F5A61500B763E7 /* Preview Assets.xcassets in Resources */,
				FA81F22B28F5A61500B763E7 /* Assets.xcassets in Resources */,
				FA78713A28F6D9FB008714B6 /* GoogleService-Info.plist in Resources */,
			);
			runOnlyForDeploymentPostprocessing = 0;
		};
/* End PBXResourcesBuildPhase section */

/* Begin PBXSourcesBuildPhase section */
		FA81F21F28F5A61300B763E7 /* Sources */ = {
			isa = PBXSourcesBuildPhase;
			buildActionMask = 2147483647;
			files = (
				0C19BCFC2901836F00300253 /* ChatUser.swift in Sources */,
				0C1A9F7429019A100018296B /* NewMessageView.swift in Sources */,
				0C4794C42907E4C2000E5002 /* ChatLogView.swift in Sources */,
				0CC04D7E28FD5DF400D8EBCF /* ImagePicker.swift in Sources */,
				0CCA10C3290026F00063D0F8 /* MainMessagesView.swift in Sources */,
				FA81F22928F5A61300B763E7 /* AuthView.swift in Sources */,
				FA81F22728F5A61300B763E7 /* SwiftUiFirebaseChatApp.swift in Sources */,
				0C19BCF32901394400300253 /* FirebaseManger.swift in Sources */,
				0C19BCFF2901838A00300253 /* MainMessagesViewModel.swift in Sources */,
			);
			runOnlyForDeploymentPostprocessing = 0;
		};
/* End PBXSourcesBuildPhase section */

/* Begin XCBuildConfiguration section */
		FA81F22F28F5A61500B763E7 /* Debug */ = {
			isa = XCBuildConfiguration;
			buildSettings = {
				ALWAYS_SEARCH_USER_PATHS = NO;
				CLANG_ANALYZER_NONNULL = YES;
				CLANG_ANALYZER_NUMBER_OBJECT_CONVERSION = YES_AGGRESSIVE;
				CLANG_CXX_LANGUAGE_STANDARD = "gnu++20";
				CLANG_ENABLE_MODULES = YES;
				CLANG_ENABLE_OBJC_ARC = YES;
				CLANG_ENABLE_OBJC_WEAK = YES;
				CLANG_WARN_BLOCK_CAPTURE_AUTORELEASING = YES;
				CLANG_WARN_BOOL_CONVERSION = YES;
				CLANG_WARN_COMMA = YES;
				CLANG_WARN_CONSTANT_CONVERSION = YES;
				CLANG_WARN_DEPRECATED_OBJC_IMPLEMENTATIONS = YES;
				CLANG_WARN_DIRECT_OBJC_ISA_USAGE = YES_ERROR;
				CLANG_WARN_DOCUMENTATION_COMMENTS = YES;
				CLANG_WARN_EMPTY_BODY = YES;
				CLANG_WARN_ENUM_CONVERSION = YES;
				CLANG_WARN_INFINITE_RECURSION = YES;
				CLANG_WARN_INT_CONVERSION = YES;
				CLANG_WARN_NON_LITERAL_NULL_CONVERSION = YES;
				CLANG_WARN_OBJC_IMPLICIT_RETAIN_SELF = YES;
				CLANG_WARN_OBJC_LITERAL_CONVERSION = YES;
				CLANG_WARN_OBJC_ROOT_CLASS = YES_ERROR;
				CLANG_WARN_QUOTED_INCLUDE_IN_FRAMEWORK_HEADER = YES;
				CLANG_WARN_RANGE_LOOP_ANALYSIS = YES;
				CLANG_WARN_STRICT_PROTOTYPES = YES;
				CLANG_WARN_SUSPICIOUS_MOVE = YES;
				CLANG_WARN_UNGUARDED_AVAILABILITY = YES_AGGRESSIVE;
				CLANG_WARN_UNREACHABLE_CODE = YES;
				CLANG_WARN__DUPLICATE_METHOD_MATCH = YES;
				COPY_PHASE_STRIP = NO;
				DEBUG_INFORMATION_FORMAT = dwarf;
				ENABLE_STRICT_OBJC_MSGSEND = YES;
				ENABLE_TESTABILITY = YES;
				GCC_C_LANGUAGE_STANDARD = gnu11;
				GCC_DYNAMIC_NO_PIC = NO;
				GCC_NO_COMMON_BLOCKS = YES;
				GCC_OPTIMIZATION_LEVEL = 0;
				GCC_PREPROCESSOR_DEFINITIONS = (
					"DEBUG=1",
					"$(inherited)",
				);
				GCC_WARN_64_TO_32_BIT_CONVERSION = YES;
				GCC_WARN_ABOUT_RETURN_TYPE = YES_ERROR;
				GCC_WARN_UNDECLARED_SELECTOR = YES;
				GCC_WARN_UNINITIALIZED_AUTOS = YES_AGGRESSIVE;
				GCC_WARN_UNUSED_FUNCTION = YES;
				GCC_WARN_UNUSED_VARIABLE = YES;
				IPHONEOS_DEPLOYMENT_TARGET = 16.0;
				MTL_ENABLE_DEBUG_INFO = INCLUDE_SOURCE;
				MTL_FAST_MATH = YES;
				ONLY_ACTIVE_ARCH = YES;
				SDKROOT = iphoneos;
				SWIFT_ACTIVE_COMPILATION_CONDITIONS = DEBUG;
				SWIFT_OPTIMIZATION_LEVEL = "-Onone";
			};
			name = Debug;
		};
		FA81F23028F5A61500B763E7 /* Release */ = {
			isa = XCBuildConfiguration;
			buildSettings = {
				ALWAYS_SEARCH_USER_PATHS = NO;
				CLANG_ANALYZER_NONNULL = YES;
				CLANG_ANALYZER_NUMBER_OBJECT_CONVERSION = YES_AGGRESSIVE;
				CLANG_CXX_LANGUAGE_STANDARD = "gnu++20";
				CLANG_ENABLE_MODULES = YES;
				CLANG_ENABLE_OBJC_ARC = YES;
				CLANG_ENABLE_OBJC_WEAK = YES;
				CLANG_WARN_BLOCK_CAPTURE_AUTORELEASING = YES;
				CLANG_WARN_BOOL_CONVERSION = YES;
				CLANG_WARN_COMMA = YES;
				CLANG_WARN_CONSTANT_CONVERSION = YES;
				CLANG_WARN_DEPRECATED_OBJC_IMPLEMENTATIONS = YES;
				CLANG_WARN_DIRECT_OBJC_ISA_USAGE = YES_ERROR;
				CLANG_WARN_DOCUMENTATION_COMMENTS = YES;
				CLANG_WARN_EMPTY_BODY = YES;
				CLANG_WARN_ENUM_CONVERSION = YES;
				CLANG_WARN_INFINITE_RECURSION = YES;
				CLANG_WARN_INT_CONVERSION = YES;
				CLANG_WARN_NON_LITERAL_NULL_CONVERSION = YES;
				CLANG_WARN_OBJC_IMPLICIT_RETAIN_SELF = YES;
				CLANG_WARN_OBJC_LITERAL_CONVERSION = YES;
				CLANG_WARN_OBJC_ROOT_CLASS = YES_ERROR;
				CLANG_WARN_QUOTED_INCLUDE_IN_FRAMEWORK_HEADER = YES;
				CLANG_WARN_RANGE_LOOP_ANALYSIS = YES;
				CLANG_WARN_STRICT_PROTOTYPES = YES;
				CLANG_WARN_SUSPICIOUS_MOVE = YES;
				CLANG_WARN_UNGUARDED_AVAILABILITY = YES_AGGRESSIVE;
				CLANG_WARN_UNREACHABLE_CODE = YES;
				CLANG_WARN__DUPLICATE_METHOD_MATCH = YES;
				COPY_PHASE_STRIP = NO;
				DEBUG_INFORMATION_FORMAT = "dwarf-with-dsym";
				ENABLE_NS_ASSERTIONS = NO;
				ENABLE_STRICT_OBJC_MSGSEND = YES;
				GCC_C_LANGUAGE_STANDARD = gnu11;
				GCC_NO_COMMON_BLOCKS = YES;
				GCC_WARN_64_TO_32_BIT_CONVERSION = YES;
				GCC_WARN_ABOUT_RETURN_TYPE = YES_ERROR;
				GCC_WARN_UNDECLARED_SELECTOR = YES;
				GCC_WARN_UNINITIALIZED_AUTOS = YES_AGGRESSIVE;
				GCC_WARN_UNUSED_FUNCTION = YES;
				GCC_WARN_UNUSED_VARIABLE = YES;
				IPHONEOS_DEPLOYMENT_TARGET = 16.0;
				MTL_ENABLE_DEBUG_INFO = NO;
				MTL_FAST_MATH = YES;
				SDKROOT = iphoneos;
				SWIFT_COMPILATION_MODE = wholemodule;
				SWIFT_OPTIMIZATION_LEVEL = "-O";
				VALIDATE_PRODUCT = YES;
			};
			name = Release;
		};
		FA81F23228F5A61500B763E7 /* Debug */ = {
			isa = XCBuildConfiguration;
			buildSettings = {
				ASSETCATALOG_COMPILER_APPICON_NAME = AppIcon;
				ASSETCATALOG_COMPILER_GLOBAL_ACCENT_COLOR_NAME = AccentColor;
				CODE_SIGN_STYLE = Automatic;
				CURRENT_PROJECT_VERSION = 1;
				DEVELOPMENT_ASSET_PATHS = "\"SwiftUiFirebaseChat/Preview Content\"";
				DEVELOPMENT_TEAM = E9SL46C878;
				ENABLE_PREVIEWS = YES;
				GENERATE_INFOPLIST_FILE = YES;
				INFOPLIST_KEY_UIApplicationSceneManifest_Generation = YES;
				INFOPLIST_KEY_UIApplicationSupportsIndirectInputEvents = YES;
				INFOPLIST_KEY_UILaunchScreen_Generation = YES;
				INFOPLIST_KEY_UISupportedInterfaceOrientations_iPad = "UIInterfaceOrientationPortrait UIInterfaceOrientationPortraitUpsideDown UIInterfaceOrientationLandscapeLeft UIInterfaceOrientationLandscapeRight";
				INFOPLIST_KEY_UISupportedInterfaceOrientations_iPhone = "UIInterfaceOrientationPortrait UIInterfaceOrientationLandscapeLeft UIInterfaceOrientationLandscapeRight";
				LD_RUNPATH_SEARCH_PATHS = (
					"$(inherited)",
					"@executable_path/Frameworks",
				);
				MARKETING_VERSION = 1.0;
				PRODUCT_BUNDLE_IDENTIFIER = com.app.SwiftUiFirebaseChat;
				PRODUCT_NAME = "$(TARGET_NAME)";
				SWIFT_EMIT_LOC_STRINGS = YES;
				SWIFT_VERSION = 5.0;
				TARGETED_DEVICE_FAMILY = "1,2";
			};
			name = Debug;
		};
		FA81F23328F5A61500B763E7 /* Release */ = {
			isa = XCBuildConfiguration;
			buildSettings = {
				ASSETCATALOG_COMPILER_APPICON_NAME = AppIcon;
				ASSETCATALOG_COMPILER_GLOBAL_ACCENT_COLOR_NAME = AccentColor;
				CODE_SIGN_STYLE = Automatic;
				CURRENT_PROJECT_VERSION = 1;
				DEVELOPMENT_ASSET_PATHS = "\"SwiftUiFirebaseChat/Preview Content\"";
				DEVELOPMENT_TEAM = E9SL46C878;
				ENABLE_PREVIEWS = YES;
				GENERATE_INFOPLIST_FILE = YES;
				INFOPLIST_KEY_UIApplicationSceneManifest_Generation = YES;
				INFOPLIST_KEY_UIApplicationSupportsIndirectInputEvents = YES;
				INFOPLIST_KEY_UILaunchScreen_Generation = YES;
				INFOPLIST_KEY_UISupportedInterfaceOrientations_iPad = "UIInterfaceOrientationPortrait UIInterfaceOrientationPortraitUpsideDown UIInterfaceOrientationLandscapeLeft UIInterfaceOrientationLandscapeRight";
				INFOPLIST_KEY_UISupportedInterfaceOrientations_iPhone = "UIInterfaceOrientationPortrait UIInterfaceOrientationLandscapeLeft UIInterfaceOrientationLandscapeRight";
				LD_RUNPATH_SEARCH_PATHS = (
					"$(inherited)",
					"@executable_path/Frameworks",
				);
				MARKETING_VERSION = 1.0;
				PRODUCT_BUNDLE_IDENTIFIER = com.app.SwiftUiFirebaseChat;
				PRODUCT_NAME = "$(TARGET_NAME)";
				SWIFT_EMIT_LOC_STRINGS = YES;
				SWIFT_VERSION = 5.0;
				TARGETED_DEVICE_FAMILY = "1,2";
			};
			name = Release;
		};
/* End XCBuildConfiguration section */

/* Begin XCConfigurationList section */
		FA81F21E28F5A61300B763E7 /* Build configuration list for PBXProject "SwiftUiFirebaseChat" */ = {
			isa = XCConfigurationList;
			buildConfigurations = (
				FA81F22F28F5A61500B763E7 /* Debug */,
				FA81F23028F5A61500B763E7 /* Release */,
			);
			defaultConfigurationIsVisible = 0;
			defaultConfigurationName = Release;
		};
		FA81F23128F5A61500B763E7 /* Build configuration list for PBXNativeTarget "SwiftUiFirebaseChat" */ = {
			isa = XCConfigurationList;
			buildConfigurations = (
				FA81F23228F5A61500B763E7 /* Debug */,
				FA81F23328F5A61500B763E7 /* Release */,
			);
			defaultConfigurationIsVisible = 0;
			defaultConfigurationName = Release;
		};
/* End XCConfigurationList section */

/* Begin XCRemoteSwiftPackageReference section */
		0C19BCF4290167D300300253 /* XCRemoteSwiftPackageReference "SDWebImage" */ = {
			isa = XCRemoteSwiftPackageReference;
			repositoryURL = "https://github.com/SDWebImage/SDWebImage.git";
			requirement = {
				kind = upToNextMajorVersion;
				minimumVersion = 5.0.0;
			};
		};
		0C19BCF72901691E00300253 /* XCRemoteSwiftPackageReference "SDWebImageSwiftUI" */ = {
			isa = XCRemoteSwiftPackageReference;
			repositoryURL = "https://github.com/SDWebImage/SDWebImageSwiftUI.git";
			requirement = {
				kind = upToNextMajorVersion;
				minimumVersion = 2.0.0;
			};
		};
		0CCA10B8290016850063D0F8 /* XCRemoteSwiftPackageReference "firebase-ios-sdk" */ = {
			isa = XCRemoteSwiftPackageReference;
			repositoryURL = "https://github.com/firebase/firebase-ios-sdk";
			requirement = {
				kind = upToNextMajorVersion;
				minimumVersion = 9.0.0;
			};
		};
/* End XCRemoteSwiftPackageReference section */

/* Begin XCSwiftPackageProductDependency section */
		0C19BCF5290167D300300253 /* SDWebImage */ = {
			isa = XCSwiftPackageProductDependency;
			package = 0C19BCF4290167D300300253 /* XCRemoteSwiftPackageReference "SDWebImage" */;
			productName = SDWebImage;
		};
		0C19BCF82901691E00300253 /* SDWebImageSwiftUI */ = {
			isa = XCSwiftPackageProductDependency;
			package = 0C19BCF72901691E00300253 /* XCRemoteSwiftPackageReference "SDWebImageSwiftUI" */;
			productName = SDWebImageSwiftUI;
		};
		0CCA10B9290016850063D0F8 /* FirebaseAuth */ = {
			isa = XCSwiftPackageProductDependency;
			package = 0CCA10B8290016850063D0F8 /* XCRemoteSwiftPackageReference "firebase-ios-sdk" */;
			productName = FirebaseAuth;
		};
		0CCA10BB290016850063D0F8 /* FirebaseFirestore */ = {
			isa = XCSwiftPackageProductDependency;
			package = 0CCA10B8290016850063D0F8 /* XCRemoteSwiftPackageReference "firebase-ios-sdk" */;
			productName = FirebaseFirestore;
		};
		0CCA10BD290016850063D0F8 /* FirebaseStorage */ = {
			isa = XCSwiftPackageProductDependency;
			package = 0CCA10B8290016850063D0F8 /* XCRemoteSwiftPackageReference "firebase-ios-sdk" */;
			productName = FirebaseStorage;
		};
/* End XCSwiftPackageProductDependency section */
	};
	rootObject = FA81F21B28F5A61300B763E7 /* Project object */;
}
